
Microsoft Visual Studio Solution File, Format Version 12.00
# Visual Studio Version 17
VisualStudioVersion = 17.11.35327.3
MinimumVisualStudioVersion = 10.0.40219.1
Project("{FAE04EC0-301F-11D3-BF4B-00C04F79EFBC}") = "GymManagementSys", "GymManagementSys.csproj", "{91D362D8-DD29-41D2-81DC-EA8DB10F177B}"
EndProject
Global
	GlobalSection(SolutionConfigurationPlatforms) = preSolution
		Debug|Any CPU = Debug|Any CPU
		Release|Any CPU = Release|Any CPU
	EndGlobalSection
	GlobalSection(ProjectConfigurationPlatforms) = postSolution
		{91D362D8-DD29-41D2-81DC-EA8DB10F177B}.Debug|Any CPU.ActiveCfg = Debug|Any CPU
		{91D362D8-DD29-41D2-81DC-EA8DB10F177B}.Debug|Any CPU.Build.0 = Debug|Any CPU
		{91D362D8-DD29-41D2-81DC-EA8DB10F177B}.Release|Any CPU.ActiveCfg = Release|Any CPU
		{91D362D8-DD29-41D2-81DC-EA8DB10F177B}.Release|Any CPU.Build.0 = Release|Any CPU
	EndGlobalSection
	GlobalSection(SolutionProperties) = preSolution
		HideSolutionNode = FALSE
	EndGlobalSection
	GlobalSection(ExtensibilityGlobals) = postSolution
		SolutionGuid = {826C172C-7240-4B2F-8EAF-B289AF59572B}
	EndGlobalSection
EndGlobal
